
Microsoft Visual Studio Solution File, Format Version 12.00
# Visual Studio Version 17
VisualStudioVersion = 17.3.32901.215
MinimumVisualStudioVersion = 10.0.40219.1
Project("{FAE04EC0-301F-11D3-BF4B-00C04F79EFBC}") = "Stack_Assignment_uc1", "Stack_Assignment_uc1\Stack_Assignment_uc1.csproj", "{7C5605F2-8964-4E2F-A264-AC8C941D153F}"
EndProject
Project("{FAE04EC0-301F-11D3-BF4B-00C04F79EFBC}") = "Stack_Assignment_uc2", "Stack_Assignment_uc2\Stack_Assignment_uc2.csproj", "{EBABEAD7-C719-4A76-9CF6-8B9EF6CA70F3}"
EndProject
Global
	GlobalSection(SolutionConfigurationPlatforms) = preSolution
		Debug|Any CPU = Debug|Any CPU
		Release|Any CPU = Release|Any CPU
	EndGlobalSection
	GlobalSection(ProjectConfigurationPlatforms) = postSolution
		{7C5605F2-8964-4E2F-A264-AC8C941D153F}.Debug|Any CPU.ActiveCfg = Debug|Any CPU
		{7C5605F2-8964-4E2F-A264-AC8C941D153F}.Debug|Any CPU.Build.0 = Debug|Any CPU
		{7C5605F2-8964-4E2F-A264-AC8C941D153F}.Release|Any CPU.ActiveCfg = Release|Any CPU
		{7C5605F2-8964-4E2F-A264-AC8C941D153F}.Release|Any CPU.Build.0 = Release|Any CPU
		{EBABEAD7-C719-4A76-9CF6-8B9EF6CA70F3}.Debug|Any CPU.ActiveCfg = Debug|Any CPU
		{EBABEAD7-C719-4A76-9CF6-8B9EF6CA70F3}.Debug|Any CPU.Build.0 = Debug|Any CPU
		{EBABEAD7-C719-4A76-9CF6-8B9EF6CA70F3}.Release|Any CPU.ActiveCfg = Release|Any CPU
		{EBABEAD7-C719-4A76-9CF6-8B9EF6CA70F3}.Release|Any CPU.Build.0 = Release|Any CPU
	EndGlobalSection
	GlobalSection(SolutionProperties) = preSolution
		HideSolutionNode = FALSE
	EndGlobalSection
	GlobalSection(ExtensibilityGlobals) = postSolution
		SolutionGuid = {194B0356-6725-4F86-874F-683D4B85BE8A}
	EndGlobalSection
EndGlobal
